
Microsoft Visual Studio Solution File, Format Version 12.00
# Visual Studio Version 17
VisualStudioVersion = 17.10.35013.160
MinimumVisualStudioVersion = 10.0.40219.1
Project("{9A19103F-16F7-4668-BE54-9A1E7A4F7556}") = "Test", "Test\Test.csproj", "{E9D98090-5633-4218-9ED1-4187023FA2C7}"
EndProject
Project("{9A19103F-16F7-4668-BE54-9A1E7A4F7556}") = "Domain", "Domain\Domain.csproj", "{9C2E69CC-67F0-4AFA-A7F2-5D0D673B7286}"
EndProject
Project("{9A19103F-16F7-4668-BE54-9A1E7A4F7556}") = "Application", "Application\Application.csproj", "{32F5E68F-BC72-4614-B4C3-EF751D5DE538}"
EndProject
Project("{FAE04EC0-301F-11D3-BF4B-00C04F79EFBC}") = "Infrastructure", "Infrastructure\Infrastructure.csproj", "{8F1085B2-66C3-4C32-B6D5-972711A29582}"
EndProject
Global
	GlobalSection(SolutionConfigurationPlatforms) = preSolution
		Debug|Any CPU = Debug|Any CPU
		Release|Any CPU = Release|Any CPU
	EndGlobalSection
	GlobalSection(ProjectConfigurationPlatforms) = postSolution
		{E9D98090-5633-4218-9ED1-4187023FA2C7}.Debug|Any CPU.ActiveCfg = Debug|Any CPU
		{E9D98090-5633-4218-9ED1-4187023FA2C7}.Debug|Any CPU.Build.0 = Debug|Any CPU
		{E9D98090-5633-4218-9ED1-4187023FA2C7}.Release|Any CPU.ActiveCfg = Release|Any CPU
		{E9D98090-5633-4218-9ED1-4187023FA2C7}.Release|Any CPU.Build.0 = Release|Any CPU
		{9C2E69CC-67F0-4AFA-A7F2-5D0D673B7286}.Debug|Any CPU.ActiveCfg = Debug|Any CPU
		{9C2E69CC-67F0-4AFA-A7F2-5D0D673B7286}.Debug|Any CPU.Build.0 = Debug|Any CPU
		{9C2E69CC-67F0-4AFA-A7F2-5D0D673B7286}.Release|Any CPU.ActiveCfg = Release|Any CPU
		{9C2E69CC-67F0-4AFA-A7F2-5D0D673B7286}.Release|Any CPU.Build.0 = Release|Any CPU
		{32F5E68F-BC72-4614-B4C3-EF751D5DE538}.Debug|Any CPU.ActiveCfg = Debug|Any CPU
		{32F5E68F-BC72-4614-B4C3-EF751D5DE538}.Debug|Any CPU.Build.0 = Debug|Any CPU
		{32F5E68F-BC72-4614-B4C3-EF751D5DE538}.Release|Any CPU.ActiveCfg = Release|Any CPU
		{32F5E68F-BC72-4614-B4C3-EF751D5DE538}.Release|Any CPU.Build.0 = Release|Any CPU
		{8F1085B2-66C3-4C32-B6D5-972711A29582}.Debug|Any CPU.ActiveCfg = Debug|Any CPU
		{8F1085B2-66C3-4C32-B6D5-972711A29582}.Debug|Any CPU.Build.0 = Debug|Any CPU
		{8F1085B2-66C3-4C32-B6D5-972711A29582}.Release|Any CPU.ActiveCfg = Release|Any CPU
		{8F1085B2-66C3-4C32-B6D5-972711A29582}.Release|Any CPU.Build.0 = Release|Any CPU
	EndGlobalSection
	GlobalSection(SolutionProperties) = preSolution
		HideSolutionNode = FALSE
	EndGlobalSection
	GlobalSection(ExtensibilityGlobals) = postSolution
		SolutionGuid = {0122D639-4404-47AF-BDA7-91494AC9E7CB}
	EndGlobalSection
EndGlobal
